
Microsoft Visual Studio Solution File, Format Version 12.00
# Visual Studio 14
VisualStudioVersion = 14.0.24720.0
MinimumVisualStudioVersion = 10.0.40219.1
Project("{FAE04EC0-301F-11D3-BF4B-00C04F79EFBC}") = "ETS.view", "ETS\ETS.view.csproj", "{969F09D9-0A97-4BE7-9D3F-E9ED79342D8F}"
EndProject
Project("{FAE04EC0-301F-11D3-BF4B-00C04F79EFBC}") = "ETS.logic", "ETS.logic\ETS.logic.csproj", "{42FE3DEF-3F86-4334-85AB-553034B416FF}"
EndProject
Project("{FAE04EC0-301F-11D3-BF4B-00C04F79EFBC}") = "ETS.data", "ETS.data\ETS.data.csproj", "{30E9BFE6-5073-4627-A9F4-6152D8DDE8ED}"
EndProject
Project("{FAE04EC0-301F-11D3-BF4B-00C04F79EFBC}") = "ETS.domain", "ETS.Domain\ETS.domain.csproj", "{63D3EE8A-2AEC-4FFD-8E62-AAE519773B8A}"
EndProject
Global
	GlobalSection(SolutionConfigurationPlatforms) = preSolution
		Debug|Any CPU = Debug|Any CPU
		Release|Any CPU = Release|Any CPU
	EndGlobalSection
	GlobalSection(ProjectConfigurationPlatforms) = postSolution
		{969F09D9-0A97-4BE7-9D3F-E9ED79342D8F}.Debug|Any CPU.ActiveCfg = Debug|Any CPU
		{969F09D9-0A97-4BE7-9D3F-E9ED79342D8F}.Debug|Any CPU.Build.0 = Debug|Any CPU
		{969F09D9-0A97-4BE7-9D3F-E9ED79342D8F}.Release|Any CPU.ActiveCfg = Release|Any CPU
		{969F09D9-0A97-4BE7-9D3F-E9ED79342D8F}.Release|Any CPU.Build.0 = Release|Any CPU
		{42FE3DEF-3F86-4334-85AB-553034B416FF}.Debug|Any CPU.ActiveCfg = Debug|Any CPU
		{42FE3DEF-3F86-4334-85AB-553034B416FF}.Debug|Any CPU.Build.0 = Debug|Any CPU
		{42FE3DEF-3F86-4334-85AB-553034B416FF}.Release|Any CPU.ActiveCfg = Release|Any CPU
		{42FE3DEF-3F86-4334-85AB-553034B416FF}.Release|Any CPU.Build.0 = Release|Any CPU
		{30E9BFE6-5073-4627-A9F4-6152D8DDE8ED}.Debug|Any CPU.ActiveCfg = Debug|Any CPU
		{30E9BFE6-5073-4627-A9F4-6152D8DDE8ED}.Debug|Any CPU.Build.0 = Debug|Any CPU
		{30E9BFE6-5073-4627-A9F4-6152D8DDE8ED}.Release|Any CPU.ActiveCfg = Release|Any CPU
		{30E9BFE6-5073-4627-A9F4-6152D8DDE8ED}.Release|Any CPU.Build.0 = Release|Any CPU
		{63D3EE8A-2AEC-4FFD-8E62-AAE519773B8A}.Debug|Any CPU.ActiveCfg = Debug|Any CPU
		{63D3EE8A-2AEC-4FFD-8E62-AAE519773B8A}.Debug|Any CPU.Build.0 = Debug|Any CPU
		{63D3EE8A-2AEC-4FFD-8E62-AAE519773B8A}.Release|Any CPU.ActiveCfg = Release|Any CPU
		{63D3EE8A-2AEC-4FFD-8E62-AAE519773B8A}.Release|Any CPU.Build.0 = Release|Any CPU
	EndGlobalSection
	GlobalSection(SolutionProperties) = preSolution
		HideSolutionNode = FALSE
	EndGlobalSection
EndGlobal
